
Microsoft Visual Studio Solution File, Format Version 12.00
# Visual Studio Version 16
VisualStudioVersion = 16.0.31424.327
MinimumVisualStudioVersion = 10.0.40219.1
Project("{FAE04EC0-301F-11D3-BF4B-00C04F79EFBC}") = "Bee.RestStarter", "Bee.RestStarter\Bee.RestStarter.csproj", "{16074150-1BB4-4368-8C14-4DC4F56652BE}"
EndProject
Global
	GlobalSection(SolutionConfigurationPlatforms) = preSolution
		Debug|Any CPU = Debug|Any CPU
		Release|Any CPU = Release|Any CPU
	EndGlobalSection
	GlobalSection(ProjectConfigurationPlatforms) = postSolution
		{16074150-1BB4-4368-8C14-4DC4F56652BE}.Debug|Any CPU.ActiveCfg = Debug|Any CPU
		{16074150-1BB4-4368-8C14-4DC4F56652BE}.Debug|Any CPU.Build.0 = Debug|Any CPU
		{16074150-1BB4-4368-8C14-4DC4F56652BE}.Release|Any CPU.ActiveCfg = Release|Any CPU
		{16074150-1BB4-4368-8C14-4DC4F56652BE}.Release|Any CPU.Build.0 = Release|Any CPU
	EndGlobalSection
	GlobalSection(SolutionProperties) = preSolution
		HideSolutionNode = FALSE
	EndGlobalSection
	GlobalSection(ExtensibilityGlobals) = postSolution
		SolutionGuid = {BFA4046A-EB63-4993-9122-104204519E58}
	EndGlobalSection
EndGlobal
